# Code generated by scarb DO NOT EDIT.
version = 1

[[package]]
name = "benches"
version = "0.4.1"
dependencies = [
 "fixed",
 "glam_core",
 "glamx",
 "snforge_std",
]

[[package]]
name = "consumer"
version = "0.4.1"
dependencies = [
 "fixed",
 "glam_core",
 "glamx",
]

[[package]]
name = "facade_check"
version = "0.4.1"
dependencies = [
 "fixed",
 "glam",
 "glamx",
 "snforge_std",
]

[[package]]
name = "fixed"
version = "0.4.0"
source = "registry+https://scarbs.xyz/"
checksum = "sha256:a8f7ec541b8cc85894688ae9008cddb87cccc55a024b04b35f7fd3716d715064"

[[package]]
name = "glam"
version = "0.4.1"
source = "registry+https://scarbs.xyz/"
checksum = "sha256:e835d496f197342a97a214662aee29920c306ee6238f7404b1261f26d42a4f4e"
dependencies = [
 "fixed",
 "glam_core",
 "glam_int",
 "glam_int_swizzles",
 "glam_swizzles",
]

[[package]]
name = "glam_core"
version = "0.4.1"
source = "registry+https://scarbs.xyz/"
checksum = "sha256:86351a73e26bfd6bbdd7548775e9377b33ed08a9616a249117942ccb29b7c75f"
dependencies = [
 "fixed",
]

[[package]]
name = "glam_int"
version = "0.4.1"
source = "registry+https://scarbs.xyz/"
checksum = "sha256:64fd9c5e3003283a1bbc3231a20181fb15cce7362e52cec539953a9461652380"
dependencies = [
 "fixed",
 "glam_core",
]

[[package]]
name = "glam_int_swizzles"
version = "0.4.1"
source = "registry+https://scarbs.xyz/"
checksum = "sha256:6e1f8a8133c467f1b08efd0883f74d616a83d3525326b3699f8c5a61bddfe6b5"
dependencies = [
 "fixed",
 "glam_core",
]

[[package]]
name = "glam_swizzles"
version = "0.4.1"
source = "registry+https://scarbs.xyz/"
checksum = "sha256:47c260d6c07e4d04f3a6e9599cc550790ae74851f632c600a5728e7958223133"
dependencies = [
 "fixed",
 "glam_core",
]

[[package]]
name = "glamx"
version = "0.4.1"
dependencies = [
 "fixed",
 "glam_core",
 "snforge_std",
]

[[package]]
name = "snforge_scarb_plugin"
version = "0.61.0"
source = "registry+https://scarbs.xyz/"
checksum = "sha256:6b5d7d4e3fc03b00a9913cb31c9bcf2a1fde23c10760e776fdac493b1f39086b"

[[package]]
name = "snforge_std"
version = "0.61.0"
source = "registry+https://scarbs.xyz/"
checksum = "sha256:e54712a6a33b746e1898db099688ed8b980eaed24d4dd21abf54285f04cf3aeb"
dependencies = [
 "snforge_scarb_plugin",
]
