# Code generated by scarb DO NOT EDIT.
version = 1

[[package]]
name = "benches"
version = "0.4.0"
dependencies = [
 "fixed",
 "glam",
 "glamx",
 "snforge_std",
]

[[package]]
name = "consumer"
version = "0.4.0"
dependencies = [
 "fixed",
 "glam",
 "glamx",
]

[[package]]
name = "fixed"
version = "0.4.0"
source = "registry+https://scarbs.xyz/"
checksum = "sha256:a8f7ec541b8cc85894688ae9008cddb87cccc55a024b04b35f7fd3716d715064"

[[package]]
name = "glam"
version = "0.4.0"
source = "registry+https://scarbs.xyz/"
checksum = "sha256:d3b4327f57b012dfa848e948ca7faee8dd10f475eaaa62e8456dcb640c4835fc"
dependencies = [
 "fixed",
]

[[package]]
name = "glamx"
version = "0.4.0"
dependencies = [
 "fixed",
 "glam",
 "snforge_std",
]

[[package]]
name = "snforge_scarb_plugin"
version = "0.61.0"
source = "registry+https://scarbs.xyz/"
checksum = "sha256:6b5d7d4e3fc03b00a9913cb31c9bcf2a1fde23c10760e776fdac493b1f39086b"

[[package]]
name = "snforge_std"
version = "0.61.0"
source = "registry+https://scarbs.xyz/"
checksum = "sha256:e54712a6a33b746e1898db099688ed8b980eaed24d4dd21abf54285f04cf3aeb"
dependencies = [
 "snforge_scarb_plugin",
]
